
Microsoft Visual Studio Solution File, Format Version 12.00
# Visual Studio 15
VisualStudioVersion = 15.0.28010.2046
MinimumVisualStudioVersion = 10.0.40219.1
Project("{9A19103F-16F7-4668-BE54-9A1E7A4F7556}") = "CalcTest.WebApi", "CalcTest.WebApi\CalcTest.WebApi.csproj", "{D25C97F5-03F1-435E-8F30-29ED66785902}"
EndProject
Project("{9A19103F-16F7-4668-BE54-9A1E7A4F7556}") = "CalcTest.Application", "CalcTest.Application\CalcTest.Application.csproj", "{9A4F5972-40EF-4AC1-9F62-9068CD14EBEE}"
EndProject
Project("{9A19103F-16F7-4668-BE54-9A1E7A4F7556}") = "CalcTest.Domain", "CalcTest.Domain\CalcTest.Domain.csproj", "{1A06D780-3A42-4CE7-8F2A-D33E671F8959}"
EndProject
Project("{9A19103F-16F7-4668-BE54-9A1E7A4F7556}") = "CalcTest.Infra.CrossCutting", "CalcTest.Infra.CrossCutting\CalcTest.Infra.CrossCutting.csproj", "{37589608-B36E-4165-9CD2-CAD50CB9DBC0}"
EndProject
Project("{2150E333-8FDC-42A3-9474-1A3956D46DE8}") = "2-Aplication", "2-Aplication", "{03390653-82BF-44B3-B727-D924A000573A}"
EndProject
Project("{2150E333-8FDC-42A3-9474-1A3956D46DE8}") = "3-Domain", "3-Domain", "{1C917416-5E43-4496-BF88-D1E7A9127E22}"
EndProject
Project("{2150E333-8FDC-42A3-9474-1A3956D46DE8}") = "4-Infra", "4-Infra", "{82ACFD5A-AC2E-41E1-95D4-DE5B6954168B}"
EndProject
Project("{2150E333-8FDC-42A3-9474-1A3956D46DE8}") = "5-Tests", "5-Tests", "{121E901C-CEA6-45CB-891C-4232B7D81038}"
EndProject
Project("{9A19103F-16F7-4668-BE54-9A1E7A4F7556}") = "CalcTest.Domain.Test", "CalcTest.Domain.Test\CalcTest.Domain.Test.csproj", "{805D4B63-A58E-4A40-8A16-26CE19D9B394}"
EndProject
Project("{9A19103F-16F7-4668-BE54-9A1E7A4F7556}") = "CalcTest.Infra.Data.InMemory", "CalcTest.Infra.Data.InMemory\CalcTest.Infra.Data.InMemory.csproj", "{F0D30F17-BE6D-4CF0-B65C-83F980CA117B}"
EndProject
Project("{2150E333-8FDC-42A3-9474-1A3956D46DE8}") = "4.1-Data", "4.1-Data", "{924E6EA2-86F1-47F3-B28D-18CF0BA1790C}"
EndProject
Project("{2150E333-8FDC-42A3-9474-1A3956D46DE8}") = "4.2-CrossCutting", "4.2-CrossCutting", "{EF0FFE97-A4EA-4750-8683-CBAEC495F198}"
EndProject
Project("{9A19103F-16F7-4668-BE54-9A1E7A4F7556}") = "CalcTest.Application.Test", "CalcTest.Application.Test\CalcTest.Application.Test.csproj", "{E06BE0C4-8B3F-42E3-8C56-B7515BE129F2}"
EndProject
Project("{9A19103F-16F7-4668-BE54-9A1E7A4F7556}") = "CalcTest.Infra.CrossCutting.Test", "CalcTest.Infra.CrossCutting.Test\CalcTest.Infra.CrossCutting.Test.csproj", "{F7EDFB0C-04E6-46C1-94E5-738C1BA9954F}"
EndProject
Project("{9A19103F-16F7-4668-BE54-9A1E7A4F7556}") = "CalcTest.WebApi.Test", "CalcTest.WebApi.Test\CalcTest.WebApi.Test.csproj", "{BC88AD89-FCE8-4A51-8D68-49615603590E}"
EndProject
Global
	GlobalSection(SolutionConfigurationPlatforms) = preSolution
		Debug|Any CPU = Debug|Any CPU
		Release|Any CPU = Release|Any CPU
	EndGlobalSection
	GlobalSection(ProjectConfigurationPlatforms) = postSolution
		{D25C97F5-03F1-435E-8F30-29ED66785902}.Debug|Any CPU.ActiveCfg = Debug|Any CPU
		{D25C97F5-03F1-435E-8F30-29ED66785902}.Debug|Any CPU.Build.0 = Debug|Any CPU
		{D25C97F5-03F1-435E-8F30-29ED66785902}.Release|Any CPU.ActiveCfg = Release|Any CPU
		{D25C97F5-03F1-435E-8F30-29ED66785902}.Release|Any CPU.Build.0 = Release|Any CPU
		{9A4F5972-40EF-4AC1-9F62-9068CD14EBEE}.Debug|Any CPU.ActiveCfg = Debug|Any CPU
		{9A4F5972-40EF-4AC1-9F62-9068CD14EBEE}.Debug|Any CPU.Build.0 = Debug|Any CPU
		{9A4F5972-40EF-4AC1-9F62-9068CD14EBEE}.Release|Any CPU.ActiveCfg = Release|Any CPU
		{9A4F5972-40EF-4AC1-9F62-9068CD14EBEE}.Release|Any CPU.Build.0 = Release|Any CPU
		{1A06D780-3A42-4CE7-8F2A-D33E671F8959}.Debug|Any CPU.ActiveCfg = Debug|Any CPU
		{1A06D780-3A42-4CE7-8F2A-D33E671F8959}.Debug|Any CPU.Build.0 = Debug|Any CPU
		{1A06D780-3A42-4CE7-8F2A-D33E671F8959}.Release|Any CPU.ActiveCfg = Release|Any CPU
		{1A06D780-3A42-4CE7-8F2A-D33E671F8959}.Release|Any CPU.Build.0 = Release|Any CPU
		{37589608-B36E-4165-9CD2-CAD50CB9DBC0}.Debug|Any CPU.ActiveCfg = Debug|Any CPU
		{37589608-B36E-4165-9CD2-CAD50CB9DBC0}.Debug|Any CPU.Build.0 = Debug|Any CPU
		{37589608-B36E-4165-9CD2-CAD50CB9DBC0}.Release|Any CPU.ActiveCfg = Release|Any CPU
		{37589608-B36E-4165-9CD2-CAD50CB9DBC0}.Release|Any CPU.Build.0 = Release|Any CPU
		{805D4B63-A58E-4A40-8A16-26CE19D9B394}.Debug|Any CPU.ActiveCfg = Debug|Any CPU
		{805D4B63-A58E-4A40-8A16-26CE19D9B394}.Debug|Any CPU.Build.0 = Debug|Any CPU
		{805D4B63-A58E-4A40-8A16-26CE19D9B394}.Release|Any CPU.ActiveCfg = Release|Any CPU
		{805D4B63-A58E-4A40-8A16-26CE19D9B394}.Release|Any CPU.Build.0 = Release|Any CPU
		{F0D30F17-BE6D-4CF0-B65C-83F980CA117B}.Debug|Any CPU.ActiveCfg = Debug|Any CPU
		{F0D30F17-BE6D-4CF0-B65C-83F980CA117B}.Debug|Any CPU.Build.0 = Debug|Any CPU
		{F0D30F17-BE6D-4CF0-B65C-83F980CA117B}.Release|Any CPU.ActiveCfg = Release|Any CPU
		{F0D30F17-BE6D-4CF0-B65C-83F980CA117B}.Release|Any CPU.Build.0 = Release|Any CPU
		{E06BE0C4-8B3F-42E3-8C56-B7515BE129F2}.Debug|Any CPU.ActiveCfg = Debug|Any CPU
		{E06BE0C4-8B3F-42E3-8C56-B7515BE129F2}.Debug|Any CPU.Build.0 = Debug|Any CPU
		{E06BE0C4-8B3F-42E3-8C56-B7515BE129F2}.Release|Any CPU.ActiveCfg = Release|Any CPU
		{E06BE0C4-8B3F-42E3-8C56-B7515BE129F2}.Release|Any CPU.Build.0 = Release|Any CPU
		{F7EDFB0C-04E6-46C1-94E5-738C1BA9954F}.Debug|Any CPU.ActiveCfg = Debug|Any CPU
		{F7EDFB0C-04E6-46C1-94E5-738C1BA9954F}.Debug|Any CPU.Build.0 = Debug|Any CPU
		{F7EDFB0C-04E6-46C1-94E5-738C1BA9954F}.Release|Any CPU.ActiveCfg = Release|Any CPU
		{F7EDFB0C-04E6-46C1-94E5-738C1BA9954F}.Release|Any CPU.Build.0 = Release|Any CPU
		{BC88AD89-FCE8-4A51-8D68-49615603590E}.Debug|Any CPU.ActiveCfg = Debug|Any CPU
		{BC88AD89-FCE8-4A51-8D68-49615603590E}.Debug|Any CPU.Build.0 = Debug|Any CPU
		{BC88AD89-FCE8-4A51-8D68-49615603590E}.Release|Any CPU.ActiveCfg = Release|Any CPU
		{BC88AD89-FCE8-4A51-8D68-49615603590E}.Release|Any CPU.Build.0 = Release|Any CPU
	EndGlobalSection
	GlobalSection(SolutionProperties) = preSolution
		HideSolutionNode = FALSE
	EndGlobalSection
	GlobalSection(NestedProjects) = preSolution
		{9A4F5972-40EF-4AC1-9F62-9068CD14EBEE} = {03390653-82BF-44B3-B727-D924A000573A}
		{1A06D780-3A42-4CE7-8F2A-D33E671F8959} = {1C917416-5E43-4496-BF88-D1E7A9127E22}
		{37589608-B36E-4165-9CD2-CAD50CB9DBC0} = {EF0FFE97-A4EA-4750-8683-CBAEC495F198}
		{805D4B63-A58E-4A40-8A16-26CE19D9B394} = {121E901C-CEA6-45CB-891C-4232B7D81038}
		{F0D30F17-BE6D-4CF0-B65C-83F980CA117B} = {924E6EA2-86F1-47F3-B28D-18CF0BA1790C}
		{924E6EA2-86F1-47F3-B28D-18CF0BA1790C} = {82ACFD5A-AC2E-41E1-95D4-DE5B6954168B}
		{EF0FFE97-A4EA-4750-8683-CBAEC495F198} = {82ACFD5A-AC2E-41E1-95D4-DE5B6954168B}
		{E06BE0C4-8B3F-42E3-8C56-B7515BE129F2} = {121E901C-CEA6-45CB-891C-4232B7D81038}
		{F7EDFB0C-04E6-46C1-94E5-738C1BA9954F} = {121E901C-CEA6-45CB-891C-4232B7D81038}
		{BC88AD89-FCE8-4A51-8D68-49615603590E} = {121E901C-CEA6-45CB-891C-4232B7D81038}
	EndGlobalSection
	GlobalSection(ExtensibilityGlobals) = postSolution
		SolutionGuid = {6D9056B8-02CC-4C6A-A285-BF0A25A370A5}
	EndGlobalSection
EndGlobal
